
Microsoft Visual Studio Solution File, Format Version 12.00
# Visual Studio Version 17
VisualStudioVersion = 17.11.35312.102
MinimumVisualStudioVersion = 10.0.40219.1
Project("{FAE04EC0-301F-11D3-BF4B-00C04F79EFBC}") = "DanciNataliaLab7", "DanciNataliaLab7.csproj", "{67135319-6057-4C7F-92CA-D7463DFAAFF2}"
EndProject
Global
	GlobalSection(SolutionConfigurationPlatforms) = preSolution
		Debug|Any CPU = Debug|Any CPU
		Release|Any CPU = Release|Any CPU
	EndGlobalSection
	GlobalSection(ProjectConfigurationPlatforms) = postSolution
		{67135319-6057-4C7F-92CA-D7463DFAAFF2}.Debug|Any CPU.ActiveCfg = Debug|Any CPU
		{67135319-6057-4C7F-92CA-D7463DFAAFF2}.Debug|Any CPU.Build.0 = Debug|Any CPU
		{67135319-6057-4C7F-92CA-D7463DFAAFF2}.Debug|Any CPU.Deploy.0 = Debug|Any CPU
		{67135319-6057-4C7F-92CA-D7463DFAAFF2}.Release|Any CPU.ActiveCfg = Release|Any CPU
		{67135319-6057-4C7F-92CA-D7463DFAAFF2}.Release|Any CPU.Build.0 = Release|Any CPU
		{67135319-6057-4C7F-92CA-D7463DFAAFF2}.Release|Any CPU.Deploy.0 = Release|Any CPU
	EndGlobalSection
	GlobalSection(SolutionProperties) = preSolution
		HideSolutionNode = FALSE
	EndGlobalSection
	GlobalSection(ExtensibilityGlobals) = postSolution
		SolutionGuid = {1AC0DF49-0321-4B32-9B52-040399633C59}
	EndGlobalSection
EndGlobal
